// !$*UTF8*$!
{
	archiveVersion = 1;
	classes = {
	};
	objectVersion = 46;
	objects = {

/* Begin PBXBuildFile section */
		EE576B0715325EA200050AC7 /* iPad.storyboard in Resources */ = {isa = PBXBuildFile; fileRef = EE576B0615325EA200050AC7 /* iPad.storyboard */; };
		EE576B0A153264A300050AC7 /* AxesDrawer.m in Sources */ = {isa = PBXBuildFile; fileRef = EE576B09153264A300050AC7 /* AxesDrawer.m */; };
		EE576B0D153265B500050AC7 /* GraphingView.m in Sources */ = {isa = PBXBuildFile; fileRef = EE576B0C153265B500050AC7 /* GraphingView.m */; };
		EE576B14153270F300050AC7 /* GraphingViewController.m in Sources */ = {isa = PBXBuildFile; fileRef = EE576B13153270F300050AC7 /* GraphingViewController.m */; };
		EEA3814E14806046009948E5 /* UIKit.framework in Frameworks */ = {isa = PBXBuildFile; fileRef = EEA3814D14806046009948E5 /* UIKit.framework */; };
		EEA3815014806046009948E5 /* Foundation.framework in Frameworks */ = {isa = PBXBuildFile; fileRef = EEA3814F14806046009948E5 /* Foundation.framework */; };
		EEA3815214806046009948E5 /* CoreGraphics.framework in Frameworks */ = {isa = PBXBuildFile; fileRef = EEA3815114806046009948E5 /* CoreGraphics.framework */; };
		EEA3815814806046009948E5 /* InfoPlist.strings in Resources */ = {isa = PBXBuildFile; fileRef = EEA3815614806046009948E5 /* InfoPlist.strings */; };
		EEA3815A14806046009948E5 /* main.m in Sources */ = {isa = PBXBuildFile; fileRef = EEA3815914806046009948E5 /* main.m */; };
		EEA3815E14806046009948E5 /* HelloWorldAppDelegate.m in Sources */ = {isa = PBXBuildFile; fileRef = EEA3815D14806046009948E5 /* HelloWorldAppDelegate.m */; };
		EEA3816114806046009948E5 /* iPhone.storyboard in Resources */ = {isa = PBXBuildFile; fileRef = EEA3815F14806046009948E5 /* iPhone.storyboard */; };
		EEA3816414806046009948E5 /* CalculatorViewController.m in Sources */ = {isa = PBXBuildFile; fileRef = EEA3816314806046009948E5 /* CalculatorViewController.m */; };
		EEA3816C14806046009948E5 /* SenTestingKit.framework in Frameworks */ = {isa = PBXBuildFile; fileRef = EEA3816B14806046009948E5 /* SenTestingKit.framework */; };
		EEA3816D14806046009948E5 /* UIKit.framework in Frameworks */ = {isa = PBXBuildFile; fileRef = EEA3814D14806046009948E5 /* UIKit.framework */; };
		EEA3816E14806046009948E5 /* Foundation.framework in Frameworks */ = {isa = PBXBuildFile; fileRef = EEA3814F14806046009948E5 /* Foundation.framework */; };
		EEA3817614806046009948E5 /* InfoPlist.strings in Resources */ = {isa = PBXBuildFile; fileRef = EEA3817414806046009948E5 /* InfoPlist.strings */; };
		EEA3817914806046009948E5 /* CalculatorTests.m in Sources */ = {isa = PBXBuildFile; fileRef = EEA3817814806046009948E5 /* CalculatorTests.m */; };
		EEA3818414806392009948E5 /* CalculatorBrain.m in Sources */ = {isa = PBXBuildFile; fileRef = EEA3818314806392009948E5 /* CalculatorBrain.m */; };
/* End PBXBuildFile section */

/* Begin PBXContainerItemProxy section */
		EEA3816F14806046009948E5 /* PBXContainerItemProxy */ = {
			isa = PBXContainerItemProxy;
			containerPortal = EEA3814014806046009948E5 /* Project object */;
			proxyType = 1;
			remoteGlobalIDString = EEA3814814806046009948E5;
			remoteInfo = Calculator;
		};
/* End PBXContainerItemProxy section */

/* Begin PBXFileReference section */
		EE576B0615325EA200050AC7 /* iPad.storyboard */ = {isa = PBXFileReference; fileEncoding = 4; lastKnownFileType = file.storyboard; path = iPad.storyboard; sourceTree = "<group>"; };
		EE576B08153264A300050AC7 /* AxesDrawer.h */ = {isa = PBXFileReference; fileEncoding = 4; lastKnownFileType = sourcecode.c.h; path = AxesDrawer.h; sourceTree = "<group>"; };
		EE576B09153264A300050AC7 /* AxesDrawer.m */ = {isa = PBXFileReference; fileEncoding = 4; lastKnownFileType = sourcecode.c.objc; path = AxesDrawer.m; sourceTree = "<group>"; };
		EE576B0B153265B500050AC7 /* GraphingView.h */ = {isa = PBXFileReference; fileEncoding = 4; lastKnownFileType = sourcecode.c.h; path = GraphingView.h; sourceTree = "<group>"; };
		EE576B0C153265B500050AC7 /* GraphingView.m */ = {isa = PBXFileReference; fileEncoding = 4; lastKnownFileType = sourcecode.c.objc; path = GraphingView.m; sourceTree = "<group>"; };
		EE576B12153270F300050AC7 /* GraphingViewController.h */ = {isa = PBXFileReference; fileEncoding = 4; lastKnownFileType = sourcecode.c.h; path = GraphingViewController.h; sourceTree = "<group>"; };
		EE576B13153270F300050AC7 /* GraphingViewController.m */ = {isa = PBXFileReference; fileEncoding = 4; lastKnownFileType = sourcecode.c.objc; path = GraphingViewController.m; sourceTree = "<group>"; };
		EEA3814914806046009948E5 /* Calculator.app */ = {isa = PBXFileReference; explicitFileType = wrapper.application; includeInIndex = 0; path = Calculator.app; sourceTree = BUILT_PRODUCTS_DIR; };
		EEA3814D14806046009948E5 /* UIKit.framework */ = {isa = PBXFileReference; lastKnownFileType = wrapper.framework; name = UIKit.framework; path = System/Library/Frameworks/UIKit.framework; sourceTree = SDKROOT; };
		EEA3814F14806046009948E5 /* Foundation.framework */ = {isa = PBXFileReference; lastKnownFileType = wrapper.framework; name = Foundation.framework; path = System/Library/Frameworks/Foundation.framework; sourceTree = SDKROOT; };
		EEA3815114806046009948E5 /* CoreGraphics.framework */ = {isa = PBXFileReference; lastKnownFileType = wrapper.framework; name = CoreGraphics.framework; path = System/Library/Frameworks/CoreGraphics.framework; sourceTree = SDKROOT; };
		EEA3815514806046009948E5 /* Calculator-Info.plist */ = {isa = PBXFileReference; lastKnownFileType = text.plist.xml; path = "Calculator-Info.plist"; sourceTree = "<group>"; };
		EEA3815714806046009948E5 /* en */ = {isa = PBXFileReference; lastKnownFileType = text.plist.strings; name = en; path = en.lproj/InfoPlist.strings; sourceTree = "<group>"; };
		EEA3815914806046009948E5 /* main.m */ = {isa = PBXFileReference; lastKnownFileType = sourcecode.c.objc; path = main.m; sourceTree = "<group>"; };
		EEA3815B14806046009948E5 /* Calculator-Prefix.pch */ = {isa = PBXFileReference; lastKnownFileType = sourcecode.c.h; path = "Calculator-Prefix.pch"; sourceTree = "<group>"; };
		EEA3815C14806046009948E5 /* HelloWorldAppDelegate.h */ = {isa = PBXFileReference; lastKnownFileType = sourcecode.c.h; path = HelloWorldAppDelegate.h; sourceTree = "<group>"; };
		EEA3815D14806046009948E5 /* HelloWorldAppDelegate.m */ = {isa = PBXFileReference; lastKnownFileType = sourcecode.c.objc; path = HelloWorldAppDelegate.m; sourceTree = "<group>"; };
		EEA3816014806046009948E5 /* en */ = {isa = PBXFileReference; lastKnownFileType = file.storyboard; name = en; path = en.lproj/iPhone.storyboard; sourceTree = "<group>"; };
		EEA3816214806046009948E5 /* CalculatorViewController.h */ = {isa = PBXFileReference; path = CalculatorViewController.h; sourceTree = "<group>"; };
		EEA3816314806046009948E5 /* CalculatorViewController.m */ = {isa = PBXFileReference; lastKnownFileType = sourcecode.c.objc; path = CalculatorViewController.m; sourceTree = "<group>"; };
		EEA3816A14806046009948E5 /* CalculatorTests.octest */ = {isa = PBXFileReference; explicitFileType = wrapper.cfbundle; includeInIndex = 0; path = CalculatorTests.octest; sourceTree = BUILT_PRODUCTS_DIR; };
		EEA3816B14806046009948E5 /* SenTestingKit.framework */ = {isa = PBXFileReference; lastKnownFileType = wrapper.framework; name = SenTestingKit.framework; path = Library/Frameworks/SenTestingKit.framework; sourceTree = DEVELOPER_DIR; };
		EEA3817314806046009948E5 /* CalculatorTests-Info.plist */ = {isa = PBXFileReference; lastKnownFileType = text.plist.xml; path = "CalculatorTests-Info.plist"; sourceTree = "<group>"; };
		EEA3817514806046009948E5 /* en */ = {isa = PBXFileReference; lastKnownFileType = text.plist.strings; name = en; path = en.lproj/InfoPlist.strings; sourceTree = "<group>"; };
		EEA3817714806046009948E5 /* CalculatorTests.h */ = {isa = PBXFileReference; lastKnownFileType = sourcecode.c.h; path = CalculatorTests.h; sourceTree = "<group>"; };
		EEA3817814806046009948E5 /* CalculatorTests.m */ = {isa = PBXFileReference; lastKnownFileType = sourcecode.c.objc; path = CalculatorTests.m; sourceTree = "<group>"; };
		EEA3818214806392009948E5 /* CalculatorBrain.h */ = {isa = PBXFileReference; fileEncoding = 4; lastKnownFileType = sourcecode.c.h; path = CalculatorBrain.h; sourceTree = "<group>"; };
		EEA3818314806392009948E5 /* CalculatorBrain.m */ = {isa = PBXFileReference; fileEncoding = 4; lastKnownFileType = sourcecode.c.objc; path = CalculatorBrain.m; sourceTree = "<group>"; };
/* End PBXFileReference section */

/* Begin PBXFrameworksBuildPhase section */
		EEA3814614806046009948E5 /* Frameworks */ = {
			isa = PBXFrameworksBuildPhase;
			buildActionMask = 2147483647;
			files = (
				EEA3814E14806046009948E5 /* UIKit.framework in Frameworks */,
				EEA3815014806046009948E5 /* Foundation.framework in Frameworks */,
				EEA3815214806046009948E5 /* CoreGraphics.framework in Frameworks */,
			);
			runOnlyForDeploymentPostprocessing = 0;
		};
		EEA3816614806046009948E5 /* Frameworks */ = {
			isa = PBXFrameworksBuildPhase;
			buildActionMask = 2147483647;
			files = (
				EEA3816C14806046009948E5 /* SenTestingKit.framework in Frameworks */,
				EEA3816D14806046009948E5 /* UIKit.framework in Frameworks */,
				EEA3816E14806046009948E5 /* Foundation.framework in Frameworks */,
			);
			runOnlyForDeploymentPostprocessing = 0;
		};
/* End PBXFrameworksBuildPhase section */

/* Begin PBXGroup section */
		EEA3813E14806046009948E5 = {
			isa = PBXGroup;
			children = (
				EEA3815314806046009948E5 /* Calculator */,
				EEA3817114806046009948E5 /* CalculatorTests */,
				EEA3814C14806046009948E5 /* Frameworks */,
				EEA3814A14806046009948E5 /* Products */,
			);
			sourceTree = "<group>";
		};
		EEA3814A14806046009948E5 /* Products */ = {
			isa = PBXGroup;
			children = (
				EEA3814914806046009948E5 /* Calculator.app */,
				EEA3816A14806046009948E5 /* CalculatorTests.octest */,
			);
			name = Products;
			sourceTree = "<group>";
		};
		EEA3814C14806046009948E5 /* Frameworks */ = {
			isa = PBXGroup;
			children = (
				EEA3814D14806046009948E5 /* UIKit.framework */,
				EEA3814F14806046009948E5 /* Foundation.framework */,
				EEA3815114806046009948E5 /* CoreGraphics.framework */,
				EEA3816B14806046009948E5 /* SenTestingKit.framework */,
			);
			name = Frameworks;
			sourceTree = "<group>";
		};
		EEA3815314806046009948E5 /* Calculator */ = {
			isa = PBXGroup;
			children = (
				EEA3815C14806046009948E5 /* HelloWorldAppDelegate.h */,
				EEA3815D14806046009948E5 /* HelloWorldAppDelegate.m */,
				EE576B0615325EA200050AC7 /* iPad.storyboard */,
				EEA3815F14806046009948E5 /* iPhone.storyboard */,
				EE576B12153270F300050AC7 /* GraphingViewController.h */,
				EE576B13153270F300050AC7 /* GraphingViewController.m */,
				EE576B0B153265B500050AC7 /* GraphingView.h */,
				EE576B0C153265B500050AC7 /* GraphingView.m */,
				EEA3816214806046009948E5 /* CalculatorViewController.h */,
				EEA3816314806046009948E5 /* CalculatorViewController.m */,
				EEA3818214806392009948E5 /* CalculatorBrain.h */,
				EEA3818314806392009948E5 /* CalculatorBrain.m */,
				EE576B08153264A300050AC7 /* AxesDrawer.h */,
				EE576B09153264A300050AC7 /* AxesDrawer.m */,
				EEA3815414806046009948E5 /* Supporting Files */,
			);
			path = Calculator;
			sourceTree = "<group>";
		};
		EEA3815414806046009948E5 /* Supporting Files */ = {
			isa = PBXGroup;
			children = (
				EEA3815514806046009948E5 /* Calculator-Info.plist */,
				EEA3815614806046009948E5 /* InfoPlist.strings */,
				EEA3815914806046009948E5 /* main.m */,
				EEA3815B14806046009948E5 /* Calculator-Prefix.pch */,
			);
			name = "Supporting Files";
			sourceTree = "<group>";
		};
		EEA3817114806046009948E5 /* CalculatorTests */ = {
			isa = PBXGroup;
			children = (
				EEA3817714806046009948E5 /* CalculatorTests.h */,
				EEA3817814806046009948E5 /* CalculatorTests.m */,
				EEA3817214806046009948E5 /* Supporting Files */,
			);
			path = CalculatorTests;
			sourceTree = "<group>";
		};
		EEA3817214806046009948E5 /* Supporting Files */ = {
			isa = PBXGroup;
			children = (
				EEA3817314806046009948E5 /* CalculatorTests-Info.plist */,
				EEA3817414806046009948E5 /* InfoPlist.strings */,
			);
			name = "Supporting Files";
			sourceTree = "<group>";
		};
/* End PBXGroup section */

/* Begin PBXNativeTarget section */
		EEA3814814806046009948E5 /* Calculator */ = {
			isa = PBXNativeTarget;
			buildConfigurationList = EEA3817C14806046009948E5 /* Build configuration list for PBXNativeTarget "Calculator" */;
			buildPhases = (
				EEA3814514806046009948E5 /* Sources */,
				EEA3814614806046009948E5 /* Frameworks */,
				EEA3814714806046009948E5 /* Resources */,
			);
			buildRules = (
			);
			dependencies = (
			);
			name = Calculator;
			productName = Calculator;
			productReference = EEA3814914806046009948E5 /* Calculator.app */;
			productType = "com.apple.product-type.application";
		};
		EEA3816914806046009948E5 /* CalculatorTests */ = {
			isa = PBXNativeTarget;
			buildConfigurationList = EEA3817F14806046009948E5 /* Build configuration list for PBXNativeTarget "CalculatorTests" */;
			buildPhases = (
				EEA3816514806046009948E5 /* Sources */,
				EEA3816614806046009948E5 /* Frameworks */,
				EEA3816714806046009948E5 /* Resources */,
				EEA3816814806046009948E5 /* ShellScript */,
			);
			buildRules = (
			);
			dependencies = (
				EEA3817014806046009948E5 /* PBXTargetDependency */,
			);
			name = CalculatorTests;
			productName = CalculatorTests;
			productReference = EEA3816A14806046009948E5 /* CalculatorTests.octest */;
			productType = "com.apple.product-type.bundle";
		};
/* End PBXNativeTarget section */

/* Begin PBXProject section */
		EEA3814014806046009948E5 /* Project object */ = {
			isa = PBXProject;
			attributes = {
				LastUpgradeCheck = 0430;
			};
			buildConfigurationList = EEA3814314806046009948E5 /* Build configuration list for PBXProject "Calculator" */;
			compatibilityVersion = "Xcode 3.2";
			developmentRegion = English;
			hasScannedForEncodings = 0;
			knownRegions = (
				en,
			);
			mainGroup = EEA3813E14806046009948E5;
			productRefGroup = EEA3814A14806046009948E5 /* Products */;
			projectDirPath = "";
			projectRoot = "";
			targets = (
				EEA3814814806046009948E5 /* Calculator */,
				EEA3816914806046009948E5 /* CalculatorTests */,
			);
		};
/* End PBXProject section */

/* Begin PBXResourcesBuildPhase section */
		EEA3814714806046009948E5 /* Resources */ = {
			isa = PBXResourcesBuildPhase;
			buildActionMask = 2147483647;
			files = (
				EEA3815814806046009948E5 /* InfoPlist.strings in Resources */,
				EEA3816114806046009948E5 /* iPhone.storyboard in Resources */,
				EE576B0715325EA200050AC7 /* iPad.storyboard in Resources */,
			);
			runOnlyForDeploymentPostprocessing = 0;
		};
		EEA3816714806046009948E5 /* Resources */ = {
			isa = PBXResourcesBuildPhase;
			buildActionMask = 2147483647;
			files = (
				EEA3817614806046009948E5 /* InfoPlist.strings in Resources */,
			);
			runOnlyForDeploymentPostprocessing = 0;
		};
/* End PBXResourcesBuildPhase section */

/* Begin PBXShellScriptBuildPhase section */
		EEA3816814806046009948E5 /* ShellScript */ = {
			isa = PBXShellScriptBuildPhase;
			buildActionMask = 2147483647;
			files = (
			);
			inputPaths = (
			);
			outputPaths = (
			);
			runOnlyForDeploymentPostprocessing = 0;
			shellPath = /bin/sh;
			shellScript = "# Run the unit tests in this test bundle.\n\"${SYSTEM_DEVELOPER_DIR}/Tools/RunUnitTests\"\n";
		};
/* End PBXShellScriptBuildPhase section */

/* Begin PBXSourcesBuildPhase section */
		EEA3814514806046009948E5 /* Sources */ = {
			isa = PBXSourcesBuildPhase;
			buildActionMask = 2147483647;
			files = (
				EEA3815A14806046009948E5 /* main.m in Sources */,
				EEA3815E14806046009948E5 /* HelloWorldAppDelegate.m in Sources */,
				EEA3816414806046009948E5 /* CalculatorViewController.m in Sources */,
				EEA3818414806392009948E5 /* CalculatorBrain.m in Sources */,
				EE576B0A153264A300050AC7 /* AxesDrawer.m in Sources */,
				EE576B0D153265B500050AC7 /* GraphingView.m in Sources */,
				EE576B14153270F300050AC7 /* GraphingViewController.m in Sources */,
			);
			runOnlyForDeploymentPostprocessing = 0;
		};
		EEA3816514806046009948E5 /* Sources */ = {
			isa = PBXSourcesBuildPhase;
			buildActionMask = 2147483647;
			files = (
				EEA3817914806046009948E5 /* CalculatorTests.m in Sources */,
			);
			runOnlyForDeploymentPostprocessing = 0;
		};
/* End PBXSourcesBuildPhase section */

/* Begin PBXTargetDependency section */
		EEA3817014806046009948E5 /* PBXTargetDependency */ = {
			isa = PBXTargetDependency;
			target = EEA3814814806046009948E5 /* Calculator */;
			targetProxy = EEA3816F14806046009948E5 /* PBXContainerItemProxy */;
		};
/* End PBXTargetDependency section */

/* Begin PBXVariantGroup section */
		EEA3815614806046009948E5 /* InfoPlist.strings */ = {
			isa = PBXVariantGroup;
			children = (
				EEA3815714806046009948E5 /* en */,
			);
			name = InfoPlist.strings;
			sourceTree = "<group>";
		};
		EEA3815F14806046009948E5 /* iPhone.storyboard */ = {
			isa = PBXVariantGroup;
			children = (
				EEA3816014806046009948E5 /* en */,
			);
			name = iPhone.storyboard;
			sourceTree = "<group>";
		};
		EEA3817414806046009948E5 /* InfoPlist.strings */ = {
			isa = PBXVariantGroup;
			children = (
				EEA3817514806046009948E5 /* en */,
			);
			name = InfoPlist.strings;
			sourceTree = "<group>";
		};
/* End PBXVariantGroup section */

/* Begin XCBuildConfiguration section */
		EEA3817A14806046009948E5 /* Debug */ = {
			isa = XCBuildConfiguration;
			buildSettings = {
				ALWAYS_SEARCH_USER_PATHS = NO;
				ARCHS = "$(ARCHS_STANDARD_32_BIT)";
				CLANG_ENABLE_OBJC_ARC = YES;
				"CODE_SIGN_IDENTITY[sdk=iphoneos*]" = "iPhone Developer";
				COPY_PHASE_STRIP = NO;
				GCC_C_LANGUAGE_STANDARD = gnu99;
				GCC_DYNAMIC_NO_PIC = NO;
				GCC_OPTIMIZATION_LEVEL = 0;
				GCC_PREPROCESSOR_DEFINITIONS = (
					"DEBUG=1",
					"$(inherited)",
				);
				GCC_SYMBOLS_PRIVATE_EXTERN = NO;
				GCC_VERSION = com.apple.compilers.llvm.clang.1_0;
				GCC_WARN_ABOUT_MISSING_PROTOTYPES = YES;
				GCC_WARN_ABOUT_RETURN_TYPE = YES;
				GCC_WARN_UNUSED_VARIABLE = YES;
				IPHONEOS_DEPLOYMENT_TARGET = 5.0;
				SDKROOT = iphoneos;
			};
			name = Debug;
		};
		EEA3817B14806046009948E5 /* Release */ = {
			isa = XCBuildConfiguration;
			buildSettings = {
				ALWAYS_SEARCH_USER_PATHS = NO;
				ARCHS = "$(ARCHS_STANDARD_32_BIT)";
				CLANG_ENABLE_OBJC_ARC = YES;
				"CODE_SIGN_IDENTITY[sdk=iphoneos*]" = "iPhone Developer";
				COPY_PHASE_STRIP = YES;
				GCC_C_LANGUAGE_STANDARD = gnu99;
				GCC_VERSION = com.apple.compilers.llvm.clang.1_0;
				GCC_WARN_ABOUT_MISSING_PROTOTYPES = YES;
				GCC_WARN_ABOUT_RETURN_TYPE = YES;
				GCC_WARN_UNUSED_VARIABLE = YES;
				IPHONEOS_DEPLOYMENT_TARGET = 5.0;
				OTHER_CFLAGS = "-DNS_BLOCK_ASSERTIONS=1";
				SDKROOT = iphoneos;
				VALIDATE_PRODUCT = YES;
			};
			name = Release;
		};
		EEA3817D14806046009948E5 /* Debug */ = {
			isa = XCBuildConfiguration;
			buildSettings = {
				GCC_PRECOMPILE_PREFIX_HEADER = YES;
				GCC_PREFIX_HEADER = "Calculator/Calculator-Prefix.pch";
				INFOPLIST_FILE = "Calculator/Calculator-Info.plist";
				IPHONEOS_DEPLOYMENT_TARGET = 5.1;
				PRODUCT_NAME = "$(TARGET_NAME)";
				TARGETED_DEVICE_FAMILY = "1,2";
				WRAPPER_EXTENSION = app;
			};
			name = Debug;
		};
		EEA3817E14806046009948E5 /* Release */ = {
			isa = XCBuildConfiguration;
			buildSettings = {
				GCC_PRECOMPILE_PREFIX_HEADER = YES;
				GCC_PREFIX_HEADER = "Calculator/Calculator-Prefix.pch";
				INFOPLIST_FILE = "Calculator/Calculator-Info.plist";
				IPHONEOS_DEPLOYMENT_TARGET = 5.1;
				PRODUCT_NAME = "$(TARGET_NAME)";
				TARGETED_DEVICE_FAMILY = "1,2";
				WRAPPER_EXTENSION = app;
			};
			name = Release;
		};
		EEA3818014806046009948E5 /* Debug */ = {
			isa = XCBuildConfiguration;
			buildSettings = {
				BUNDLE_LOADER = "$(BUILT_PRODUCTS_DIR)/Calculator.app/Calculator";
				FRAMEWORK_SEARCH_PATHS = (
					"$(SDKROOT)/Developer/Library/Frameworks",
					"$(DEVELOPER_LIBRARY_DIR)/Frameworks",
				);
				GCC_PRECOMPILE_PREFIX_HEADER = YES;
				GCC_PREFIX_HEADER = "Calculator/Calculator-Prefix.pch";
				INFOPLIST_FILE = "CalculatorTests/CalculatorTests-Info.plist";
				PRODUCT_NAME = "$(TARGET_NAME)";
				TEST_HOST = "$(BUNDLE_LOADER)";
				WRAPPER_EXTENSION = octest;
			};
			name = Debug;
		};
		EEA3818114806046009948E5 /* Release */ = {
			isa = XCBuildConfiguration;
			buildSettings = {
				BUNDLE_LOADER = "$(BUILT_PRODUCTS_DIR)/Calculator.app/Calculator";
				FRAMEWORK_SEARCH_PATHS = (
					"$(SDKROOT)/Developer/Library/Frameworks",
					"$(DEVELOPER_LIBRARY_DIR)/Frameworks",
				);
				GCC_PRECOMPILE_PREFIX_HEADER = YES;
				GCC_PREFIX_HEADER = "Calculator/Calculator-Prefix.pch";
				INFOPLIST_FILE = "CalculatorTests/CalculatorTests-Info.plist";
				PRODUCT_NAME = "$(TARGET_NAME)";
				TEST_HOST = "$(BUNDLE_LOADER)";
				WRAPPER_EXTENSION = octest;
			};
			name = Release;
		};
/* End XCBuildConfiguration section */

/* Begin XCConfigurationList section */
		EEA3814314806046009948E5 /* Build configuration list for PBXProject "Calculator" */ = {
			isa = XCConfigurationList;
			buildConfigurations = (
				EEA3817A14806046009948E5 /* Debug */,
				EEA3817B14806046009948E5 /* Release */,
			);
			defaultConfigurationIsVisible = 0;
			defaultConfigurationName = Release;
		};
		EEA3817C14806046009948E5 /* Build configuration list for PBXNativeTarget "Calculator" */ = {
			isa = XCConfigurationList;
			buildConfigurations = (
				EEA3817D14806046009948E5 /* Debug */,
				EEA3817E14806046009948E5 /* Release */,
			);
			defaultConfigurationIsVisible = 0;
			defaultConfigurationName = Release;
		};
		EEA3817F14806046009948E5 /* Build configuration list for PBXNativeTarget "CalculatorTests" */ = {
			isa = XCConfigurationList;
			buildConfigurations = (
				EEA3818014806046009948E5 /* Debug */,
				EEA3818114806046009948E5 /* Release */,
			);
			defaultConfigurationIsVisible = 0;
			defaultConfigurationName = Release;
		};
/* End XCConfigurationList section */
	};
	rootObject = EEA3814014806046009948E5 /* Project object */;
}
